
Microsoft Visual Studio Solution File, Format Version 12.00
# Visual Studio Version 16
VisualStudioVersion = 16.0.31025.194
MinimumVisualStudioVersion = 10.0.40219.1
Project("{FAE04EC0-301F-11D3-BF4B-00C04F79EFBC}") = "Sync_masiva", "Sync_masiva\Sync_masiva.csproj", "{6976C6C4-235C-41BD-83DC-EC17F86353A3}"
EndProject
Global
	GlobalSection(SolutionConfigurationPlatforms) = preSolution
		Debug|Any CPU = Debug|Any CPU
		Release|Any CPU = Release|Any CPU
	EndGlobalSection
	GlobalSection(ProjectConfigurationPlatforms) = postSolution
		{6976C6C4-235C-41BD-83DC-EC17F86353A3}.Debug|Any CPU.ActiveCfg = Debug|Any CPU
		{6976C6C4-235C-41BD-83DC-EC17F86353A3}.Debug|Any CPU.Build.0 = Debug|Any CPU
		{6976C6C4-235C-41BD-83DC-EC17F86353A3}.Release|Any CPU.ActiveCfg = Release|Any CPU
		{6976C6C4-235C-41BD-83DC-EC17F86353A3}.Release|Any CPU.Build.0 = Release|Any CPU
	EndGlobalSection
	GlobalSection(SolutionProperties) = preSolution
		HideSolutionNode = FALSE
	EndGlobalSection
	GlobalSection(ExtensibilityGlobals) = postSolution
		SolutionGuid = {E19044C6-B72B-4F29-B364-D7EDC5766FFF}
	EndGlobalSection
EndGlobal
